<?xml version="1.0" encoding="UTF-8" standalone="yes" ?>
<CodeBlocks_project_file>
   <FileVersion major="1" minor="6" />
   <Project>
      <Option title="Project" />
      <Option makefile_is_custom="1" />
      <Option compiler="gcc" />
      <Option virtualFolders="CMake Files\;" />
      <Build>
      <Target title="all">
         <Option working_dir="/home/madzik/src/ACO/src-build" />
         <Option type="4" />
         <MakeCommands>
            <Build command="/usr/bin/make -f &quot;/home/madzik/src/ACO/src-build/Makefile&quot;  VERBOSE=1 all" />
            <CompileFile command="/usr/bin/make -f &quot;/home/madzik/src/ACO/src-build/Makefile&quot;  VERBOSE=1 &quot;$file&quot;" />
            <Clean command="/usr/bin/make -f &quot;/home/madzik/src/ACO/src-build/Makefile&quot;  VERBOSE=1 clean" />
            <DistClean command="/usr/bin/make -f &quot;/home/madzik/src/ACO/src-build/Makefile&quot;  VERBOSE=1 clean" />
         </MakeCommands>
      </Target>
      <Target title="edit_cache">
         <Option working_dir="/home/madzik/src/ACO/src-build" />
         <Option type="4" />
         <MakeCommands>
            <Build command="/usr/bin/make -f &quot;/home/madzik/src/ACO/src-build/Makefile&quot;  VERBOSE=1 edit_cache" />
            <CompileFile command="/usr/bin/make -f &quot;/home/madzik/src/ACO/src-build/Makefile&quot;  VERBOSE=1 &quot;$file&quot;" />
            <Clean command="/usr/bin/make -f &quot;/home/madzik/src/ACO/src-build/Makefile&quot;  VERBOSE=1 clean" />
            <DistClean command="/usr/bin/make -f &quot;/home/madzik/src/ACO/src-build/Makefile&quot;  VERBOSE=1 clean" />
         </MakeCommands>
      </Target>
      <Target title="rebuild_cache">
         <Option working_dir="/home/madzik/src/ACO/src-build" />
         <Option type="4" />
         <MakeCommands>
            <Build command="/usr/bin/make -f &quot;/home/madzik/src/ACO/src-build/Makefile&quot;  VERBOSE=1 rebuild_cache" />
            <CompileFile command="/usr/bin/make -f &quot;/home/madzik/src/ACO/src-build/Makefile&quot;  VERBOSE=1 &quot;$file&quot;" />
            <Clean command="/usr/bin/make -f &quot;/home/madzik/src/ACO/src-build/Makefile&quot;  VERBOSE=1 clean" />
            <DistClean command="/usr/bin/make -f &quot;/home/madzik/src/ACO/src-build/Makefile&quot;  VERBOSE=1 clean" />
         </MakeCommands>
      </Target>
      <Target title="UltraLib">
         <Option output="/home/madzik/src/ACO/src-build/libUltraLib.a" prefix_auto="0" extension_auto="0" />
         <Option working_dir="/home/madzik/src/ACO/src-build" />
         <Option object_output="./" />
         <Option type="2" />
         <Option compiler="gcc" />
         <Compiler>
            <Add directory="/usr/include" />
            <Add directory="/usr/include/c++/5" />
            <Add directory="/usr/include/c++/5/backward" />
            <Add directory="/usr/include/x86_64-linux-gnu" />
            <Add directory="/usr/include/x86_64-linux-gnu/c++/5" />
            <Add directory="/usr/lib/gcc/x86_64-linux-gnu/5/include" />
            <Add directory="/usr/lib/gcc/x86_64-linux-gnu/5/include-fixed" />
            <Add directory="/usr/local/include" />
         </Compiler>
         <MakeCommands>
            <Build command="/usr/bin/make -f &quot;/home/madzik/src/ACO/src-build/Makefile&quot;  VERBOSE=1 UltraLib" />
            <CompileFile command="/usr/bin/make -f &quot;/home/madzik/src/ACO/src-build/Makefile&quot;  VERBOSE=1 &quot;$file&quot;" />
            <Clean command="/usr/bin/make -f &quot;/home/madzik/src/ACO/src-build/Makefile&quot;  VERBOSE=1 clean" />
            <DistClean command="/usr/bin/make -f &quot;/home/madzik/src/ACO/src-build/Makefile&quot;  VERBOSE=1 clean" />
         </MakeCommands>
      </Target>
      <Target title="UltraLib/fast">
         <Option output="/home/madzik/src/ACO/src-build/libUltraLib.a" prefix_auto="0" extension_auto="0" />
         <Option working_dir="/home/madzik/src/ACO/src-build" />
         <Option object_output="./" />
         <Option type="2" />
         <Option compiler="gcc" />
         <Compiler>
            <Add directory="/usr/include" />
            <Add directory="/usr/include/c++/5" />
            <Add directory="/usr/include/c++/5/backward" />
            <Add directory="/usr/include/x86_64-linux-gnu" />
            <Add directory="/usr/include/x86_64-linux-gnu/c++/5" />
            <Add directory="/usr/lib/gcc/x86_64-linux-gnu/5/include" />
            <Add directory="/usr/lib/gcc/x86_64-linux-gnu/5/include-fixed" />
            <Add directory="/usr/local/include" />
         </Compiler>
         <MakeCommands>
            <Build command="/usr/bin/make -f &quot;/home/madzik/src/ACO/src-build/Makefile&quot;  VERBOSE=1 UltraLib/fast" />
            <CompileFile command="/usr/bin/make -f &quot;/home/madzik/src/ACO/src-build/Makefile&quot;  VERBOSE=1 &quot;$file&quot;" />
            <Clean command="/usr/bin/make -f &quot;/home/madzik/src/ACO/src-build/Makefile&quot;  VERBOSE=1 clean" />
            <DistClean command="/usr/bin/make -f &quot;/home/madzik/src/ACO/src-build/Makefile&quot;  VERBOSE=1 clean" />
         </MakeCommands>
      </Target>
      </Build>
      <Unit filename="/home/madzik/src/ACO/src/Ant.cpp">
      </Unit>
      <Unit filename="/home/madzik/src/ACO/src/Coordinate.cpp">
      </Unit>
      <Unit filename="/home/madzik/src/ACO/src/Edge.cpp">
      </Unit>
      <Unit filename="/home/madzik/src/ACO/src/Node.cpp">
      </Unit>
      <Unit filename="/home/madzik/src/ACO/src/PhermonWeight.cpp">
      </Unit>
      <Unit filename="/home/madzik/src/ACO/src/WeightGraph.cpp">
      </Unit>
      <Unit filename="/home/madzik/src/ACO/src/Ant.hpp">
      </Unit>
      <Unit filename="/home/madzik/src/ACO/src/Coordinate.hpp">
      </Unit>
      <Unit filename="/home/madzik/src/ACO/src/Edge.hpp">
      </Unit>
      <Unit filename="/home/madzik/src/ACO/src/Node.hpp">
      </Unit>
      <Unit filename="/home/madzik/src/ACO/src/PheromonWeight.hpp">
      </Unit>
      <Unit filename="/home/madzik/src/ACO/src/WeightGraph.hpp">
      </Unit>
      <Unit filename="/home/madzik/src/ACO/src/CMakeLists.txt">
          <Option virtualFolder="CMake Files\" />
      </Unit>
   </Project>
</CodeBlocks_project_file>
